
Microsoft Visual Studio Solution File, Format Version 12.00
# Visual Studio Version 16
VisualStudioVersion = 16.0.29230.47
MinimumVisualStudioVersion = 10.0.40219.1
Project("{FAE04EC0-301F-11D3-BF4B-00C04F79EFBC}") = "RSAWindowsFormsApp", "RSAWindowsFormsApp\RSAWindowsFormsApp.csproj", "{418A1C0F-DD85-4FEA-A2D5-7F34FBA0FD09}"
EndProject
Global
	GlobalSection(SolutionConfigurationPlatforms) = preSolution
		Debug|Any CPU = Debug|Any CPU
		Release|Any CPU = Release|Any CPU
	EndGlobalSection
	GlobalSection(ProjectConfigurationPlatforms) = postSolution
		{418A1C0F-DD85-4FEA-A2D5-7F34FBA0FD09}.Debug|Any CPU.ActiveCfg = Debug|Any CPU
		{418A1C0F-DD85-4FEA-A2D5-7F34FBA0FD09}.Debug|Any CPU.Build.0 = Debug|Any CPU
		{418A1C0F-DD85-4FEA-A2D5-7F34FBA0FD09}.Release|Any CPU.ActiveCfg = Release|Any CPU
		{418A1C0F-DD85-4FEA-A2D5-7F34FBA0FD09}.Release|Any CPU.Build.0 = Release|Any CPU
	EndGlobalSection
	GlobalSection(SolutionProperties) = preSolution
		HideSolutionNode = FALSE
	EndGlobalSection
	GlobalSection(ExtensibilityGlobals) = postSolution
		SolutionGuid = {88822677-FB0E-466D-AD2F-77B9476FDB36}
	EndGlobalSection
EndGlobal
